// !$*UTF8*$!
{
	archiveVersion = 1;
	classes = {
	};
	objectVersion = 52;
	objects = {

/* Begin PBXBuildFile section */
		058557BB273AAA24004C7B11 /* Assets.xcassets in Resources */ = {isa = PBXBuildFile; fileRef = 058557BA273AAA24004C7B11 /* Assets.xcassets */; };
		058557D9273AAEEB004C7B11 /* Preview Assets.xcassets in Resources */ = {isa = PBXBuildFile; fileRef = 058557D8273AAEEB004C7B11 /* Preview Assets.xcassets */; };
		2152FB042600AC8F00CF470E /* iOSApp.swift in Sources */ = {isa = PBXBuildFile; fileRef = 2152FB032600AC8F00CF470E /* iOSApp.swift */; };
		6A51B2292912B26900395F7E /* CodeEditorView.swift in Sources */ = {isa = PBXBuildFile; fileRef = 6A51B2282912B26900395F7E /* CodeEditorView.swift */; };
		6A51B22B2912B28000395F7E /* CodeView.swift in Sources */ = {isa = PBXBuildFile; fileRef = 6A51B22A2912B28000395F7E /* CodeView.swift */; };
		6A51B22D2912B29F00395F7E /* ConsoleView.swift in Sources */ = {isa = PBXBuildFile; fileRef = 6A51B22C2912B29F00395F7E /* ConsoleView.swift */; };
		6A51B2302912B2E200395F7E /* ConsoleViewModel.swift in Sources */ = {isa = PBXBuildFile; fileRef = 6A51B22F2912B2E200395F7E /* ConsoleViewModel.swift */; };
		6A51B2322912B2F600395F7E /* SplitView.swift in Sources */ = {isa = PBXBuildFile; fileRef = 6A51B2312912B2F600395F7E /* SplitView.swift */; };
		6A51B2342912B31700395F7E /* DonateView.swift in Sources */ = {isa = PBXBuildFile; fileRef = 6A51B2332912B31700395F7E /* DonateView.swift */; };
		6A51B2362912B33000395F7E /* DonateViewModel.swift in Sources */ = {isa = PBXBuildFile; fileRef = 6A51B2352912B33000395F7E /* DonateViewModel.swift */; };
		6A51B2382912B35900395F7E /* EditorColorView.swift in Sources */ = {isa = PBXBuildFile; fileRef = 6A51B2372912B35900395F7E /* EditorColorView.swift */; };
		6A51B23B2912B37900395F7E /* OpenSourceRepositoryView.swift in Sources */ = {isa = PBXBuildFile; fileRef = 6A51B23A2912B37900395F7E /* OpenSourceRepositoryView.swift */; };
		6A51B23D2912B39800395F7E /* OpenSourceView.swift in Sources */ = {isa = PBXBuildFile; fileRef = 6A51B23C2912B39800395F7E /* OpenSourceView.swift */; };
		6A51B23F2912B3AD00395F7E /* SettingsView.swift in Sources */ = {isa = PBXBuildFile; fileRef = 6A51B23E2912B3AC00395F7E /* SettingsView.swift */; };
		6A51B2412912B3C700395F7E /* MainWindow.swift in Sources */ = {isa = PBXBuildFile; fileRef = 6A51B2402912B3C700395F7E /* MainWindow.swift */; };
		6A51B2432912B3FE00395F7E /* MakthConsole.swift in Sources */ = {isa = PBXBuildFile; fileRef = 6A51B2422912B3FE00395F7E /* MakthConsole.swift */; };
		6A51B2452912B43700395F7E /* MakthFile.swift in Sources */ = {isa = PBXBuildFile; fileRef = 6A51B2442912B43700395F7E /* MakthFile.swift */; };
		6A51B2482912B5C400395F7E /* Kingfisher in Frameworks */ = {isa = PBXBuildFile; productRef = 6A51B2472912B5C400395F7E /* Kingfisher */; };
		6A51B24B2912B5EB00395F7E /* DigiAnalytics in Frameworks */ = {isa = PBXBuildFile; productRef = 6A51B24A2912B5EB00395F7E /* DigiAnalytics */; };
		6A51B24E2912B60900395F7E /* Sourceful in Frameworks */ = {isa = PBXBuildFile; productRef = 6A51B24D2912B60900395F7E /* Sourceful */; };
		6A51B2512912B75300395F7E /* ColorExtension.swift in Sources */ = {isa = PBXBuildFile; fileRef = 6A51B2502912B75300395F7E /* ColorExtension.swift */; };
		6A51B2532912B76700395F7E /* DigiAnalyticsExtension.swift in Sources */ = {isa = PBXBuildFile; fileRef = 6A51B2522912B76700395F7E /* DigiAnalyticsExtension.swift */; };
		6A51B2552912B7A100395F7E /* EnvironmentValuesExtension.swift in Sources */ = {isa = PBXBuildFile; fileRef = 6A51B2542912B7A100395F7E /* EnvironmentValuesExtension.swift */; };
		6A51B2572912B7C100395F7E /* FontExtension.swift in Sources */ = {isa = PBXBuildFile; fileRef = 6A51B2562912B7C100395F7E /* FontExtension.swift */; };
		6A51B2592912B7D800395F7E /* IntExtension.swift in Sources */ = {isa = PBXBuildFile; fileRef = 6A51B2582912B7D800395F7E /* IntExtension.swift */; };
		6A51B25B2912B7F900395F7E /* SKProductExtension.swift in Sources */ = {isa = PBXBuildFile; fileRef = 6A51B25A2912B7F900395F7E /* SKProductExtension.swift */; };
		6A51B25D2912B81100395F7E /* StringExtension.swift in Sources */ = {isa = PBXBuildFile; fileRef = 6A51B25C2912B81100395F7E /* StringExtension.swift */; };
		6A51B25F2912B83000395F7E /* ViewExtension.swift in Sources */ = {isa = PBXBuildFile; fileRef = 6A51B25E2912B83000395F7E /* ViewExtension.swift */; };
		6A51B2622912B85B00395F7E /* MyAppsiOS in Frameworks */ = {isa = PBXBuildFile; productRef = 6A51B2612912B85B00395F7E /* MyAppsiOS */; };
		6A51B2642912B8E700395F7E /* StoreKit.framework in Frameworks */ = {isa = PBXBuildFile; fileRef = 6A51B2632912B8E700395F7E /* StoreKit.framework */; };
		6A51B2672912BBA300395F7E /* MakthLexer.swift in Sources */ = {isa = PBXBuildFile; fileRef = 6A51B2662912BBA300395F7E /* MakthLexer.swift */; };
		6A51B26A2912C26A00395F7E /* Localizable.strings in Resources */ = {isa = PBXBuildFile; fileRef = 6A51B26C2912C26A00395F7E /* Localizable.strings */; };
		6ABA5BC229194D9F006387CE /* LaTeXView.swift in Sources */ = {isa = PBXBuildFile; fileRef = 6ABA5BC129194D9F006387CE /* LaTeXView.swift */; };
/* End PBXBuildFile section */

/* Begin PBXCopyFilesBuildPhase section */
		7555FFB4242A642300829871 /* Embed Frameworks */ = {
			isa = PBXCopyFilesBuildPhase;
			buildActionMask = 2147483647;
			dstPath = "";
			dstSubfolderSpec = 10;
			files = (
			);
			name = "Embed Frameworks";
			runOnlyForDeploymentPostprocessing = 0;
		};
/* End PBXCopyFilesBuildPhase section */

/* Begin PBXFileReference section */
		058557BA273AAA24004C7B11 /* Assets.xcassets */ = {isa = PBXFileReference; lastKnownFileType = folder.assetcatalog; path = Assets.xcassets; sourceTree = "<group>"; };
		058557D8273AAEEB004C7B11 /* Preview Assets.xcassets */ = {isa = PBXFileReference; lastKnownFileType = folder.assetcatalog; path = "Preview Assets.xcassets"; sourceTree = "<group>"; };
		2152FB032600AC8F00CF470E /* iOSApp.swift */ = {isa = PBXFileReference; lastKnownFileType = sourcecode.swift; path = iOSApp.swift; sourceTree = "<group>"; };
		6A51B2282912B26900395F7E /* CodeEditorView.swift */ = {isa = PBXFileReference; lastKnownFileType = sourcecode.swift; path = CodeEditorView.swift; sourceTree = "<group>"; };
		6A51B22A2912B28000395F7E /* CodeView.swift */ = {isa = PBXFileReference; lastKnownFileType = sourcecode.swift; path = CodeView.swift; sourceTree = "<group>"; };
		6A51B22C2912B29F00395F7E /* ConsoleView.swift */ = {isa = PBXFileReference; lastKnownFileType = sourcecode.swift; path = ConsoleView.swift; sourceTree = "<group>"; };
		6A51B22F2912B2E200395F7E /* ConsoleViewModel.swift */ = {isa = PBXFileReference; lastKnownFileType = sourcecode.swift; path = ConsoleViewModel.swift; sourceTree = "<group>"; };
		6A51B2312912B2F600395F7E /* SplitView.swift */ = {isa = PBXFileReference; lastKnownFileType = sourcecode.swift; path = SplitView.swift; sourceTree = "<group>"; };
		6A51B2332912B31700395F7E /* DonateView.swift */ = {isa = PBXFileReference; lastKnownFileType = sourcecode.swift; path = DonateView.swift; sourceTree = "<group>"; };
		6A51B2352912B33000395F7E /* DonateViewModel.swift */ = {isa = PBXFileReference; lastKnownFileType = sourcecode.swift; path = DonateViewModel.swift; sourceTree = "<group>"; };
		6A51B2372912B35900395F7E /* EditorColorView.swift */ = {isa = PBXFileReference; lastKnownFileType = sourcecode.swift; path = EditorColorView.swift; sourceTree = "<group>"; };
		6A51B23A2912B37900395F7E /* OpenSourceRepositoryView.swift */ = {isa = PBXFileReference; lastKnownFileType = sourcecode.swift; path = OpenSourceRepositoryView.swift; sourceTree = "<group>"; };
		6A51B23C2912B39800395F7E /* OpenSourceView.swift */ = {isa = PBXFileReference; lastKnownFileType = sourcecode.swift; path = OpenSourceView.swift; sourceTree = "<group>"; };
		6A51B23E2912B3AC00395F7E /* SettingsView.swift */ = {isa = PBXFileReference; lastKnownFileType = sourcecode.swift; path = SettingsView.swift; sourceTree = "<group>"; };
		6A51B2402912B3C700395F7E /* MainWindow.swift */ = {isa = PBXFileReference; lastKnownFileType = sourcecode.swift; path = MainWindow.swift; sourceTree = "<group>"; };
		6A51B2422912B3FE00395F7E /* MakthConsole.swift */ = {isa = PBXFileReference; lastKnownFileType = sourcecode.swift; path = MakthConsole.swift; sourceTree = "<group>"; };
		6A51B2442912B43700395F7E /* MakthFile.swift */ = {isa = PBXFileReference; lastKnownFileType = sourcecode.swift; path = MakthFile.swift; sourceTree = "<group>"; };
		6A51B2502912B75300395F7E /* ColorExtension.swift */ = {isa = PBXFileReference; lastKnownFileType = sourcecode.swift; path = ColorExtension.swift; sourceTree = "<group>"; };
		6A51B2522912B76700395F7E /* DigiAnalyticsExtension.swift */ = {isa = PBXFileReference; lastKnownFileType = sourcecode.swift; path = DigiAnalyticsExtension.swift; sourceTree = "<group>"; };
		6A51B2542912B7A100395F7E /* EnvironmentValuesExtension.swift */ = {isa = PBXFileReference; lastKnownFileType = sourcecode.swift; path = EnvironmentValuesExtension.swift; sourceTree = "<group>"; };
		6A51B2562912B7C100395F7E /* FontExtension.swift */ = {isa = PBXFileReference; lastKnownFileType = sourcecode.swift; path = FontExtension.swift; sourceTree = "<group>"; };
		6A51B2582912B7D800395F7E /* IntExtension.swift */ = {isa = PBXFileReference; lastKnownFileType = sourcecode.swift; path = IntExtension.swift; sourceTree = "<group>"; };
		6A51B25A2912B7F900395F7E /* SKProductExtension.swift */ = {isa = PBXFileReference; lastKnownFileType = sourcecode.swift; path = SKProductExtension.swift; sourceTree = "<group>"; };
		6A51B25C2912B81100395F7E /* StringExtension.swift */ = {isa = PBXFileReference; lastKnownFileType = sourcecode.swift; path = StringExtension.swift; sourceTree = "<group>"; };
		6A51B25E2912B83000395F7E /* ViewExtension.swift */ = {isa = PBXFileReference; lastKnownFileType = sourcecode.swift; path = ViewExtension.swift; sourceTree = "<group>"; };
		6A51B2632912B8E700395F7E /* StoreKit.framework */ = {isa = PBXFileReference; lastKnownFileType = wrapper.framework; name = StoreKit.framework; path = System/Library/Frameworks/StoreKit.framework; sourceTree = SDKROOT; };
		6A51B2652912B91A00395F7E /* iosApp.entitlements */ = {isa = PBXFileReference; lastKnownFileType = text.plist.entitlements; path = iosApp.entitlements; sourceTree = "<group>"; };
		6A51B2662912BBA300395F7E /* MakthLexer.swift */ = {isa = PBXFileReference; lastKnownFileType = sourcecode.swift; path = MakthLexer.swift; sourceTree = "<group>"; };
		6A51B26B2912C26A00395F7E /* en */ = {isa = PBXFileReference; lastKnownFileType = text.plist.strings; name = en; path = en.lproj/Localizable.strings; sourceTree = "<group>"; };
		6ABA5BC129194D9F006387CE /* LaTeXView.swift */ = {isa = PBXFileReference; lastKnownFileType = sourcecode.swift; path = LaTeXView.swift; sourceTree = "<group>"; };
		7555FF7B242A565900829871 /* Makth Playground.app */ = {isa = PBXFileReference; explicitFileType = wrapper.application; includeInIndex = 0; path = "Makth Playground.app"; sourceTree = BUILT_PRODUCTS_DIR; };
		7555FF8C242A565B00829871 /* Info.plist */ = {isa = PBXFileReference; lastKnownFileType = text.plist.xml; path = Info.plist; sourceTree = "<group>"; };
/* End PBXFileReference section */

/* Begin PBXFrameworksBuildPhase section */
		7555FF78242A565900829871 /* Frameworks */ = {
			isa = PBXFrameworksBuildPhase;
			buildActionMask = 2147483647;
			files = (
				6A51B24B2912B5EB00395F7E /* DigiAnalytics in Frameworks */,
				6A51B2482912B5C400395F7E /* Kingfisher in Frameworks */,
				6A51B2642912B8E700395F7E /* StoreKit.framework in Frameworks */,
				6A51B2622912B85B00395F7E /* MyAppsiOS in Frameworks */,
				6A51B24E2912B60900395F7E /* Sourceful in Frameworks */,
			);
			runOnlyForDeploymentPostprocessing = 0;
		};
/* End PBXFrameworksBuildPhase section */

/* Begin PBXGroup section */
		058557D7273AAEEB004C7B11 /* Preview Content */ = {
			isa = PBXGroup;
			children = (
				058557D8273AAEEB004C7B11 /* Preview Assets.xcassets */,
			);
			path = "Preview Content";
			sourceTree = "<group>";
		};
		6A51B2232912B21F00395F7E /* Views */ = {
			isa = PBXGroup;
			children = (
				6A51B2272912B24900395F7E /* Code */,
				6A51B2262912B23F00395F7E /* Settings */,
				6A51B2252912B23600395F7E /* Window */,
			);
			path = Views;
			sourceTree = "<group>";
		};
		6A51B2242912B22B00395F7E /* Models */ = {
			isa = PBXGroup;
			children = (
				6A51B2422912B3FE00395F7E /* MakthConsole.swift */,
				6A51B2442912B43700395F7E /* MakthFile.swift */,
				6A51B2662912BBA300395F7E /* MakthLexer.swift */,
			);
			path = Models;
			sourceTree = "<group>";
		};
		6A51B2252912B23600395F7E /* Window */ = {
			isa = PBXGroup;
			children = (
				6A51B2402912B3C700395F7E /* MainWindow.swift */,
			);
			path = Window;
			sourceTree = "<group>";
		};
		6A51B2262912B23F00395F7E /* Settings */ = {
			isa = PBXGroup;
			children = (
				6A51B2332912B31700395F7E /* DonateView.swift */,
				6A51B2352912B33000395F7E /* DonateViewModel.swift */,
				6A51B2372912B35900395F7E /* EditorColorView.swift */,
				6A51B23A2912B37900395F7E /* OpenSourceRepositoryView.swift */,
				6A51B23C2912B39800395F7E /* OpenSourceView.swift */,
				6A51B23E2912B3AC00395F7E /* SettingsView.swift */,
			);
			path = Settings;
			sourceTree = "<group>";
		};
		6A51B2272912B24900395F7E /* Code */ = {
			isa = PBXGroup;
			children = (
				6A51B2282912B26900395F7E /* CodeEditorView.swift */,
				6A51B22A2912B28000395F7E /* CodeView.swift */,
				6A51B22C2912B29F00395F7E /* ConsoleView.swift */,
				6A51B22F2912B2E200395F7E /* ConsoleViewModel.swift */,
				6A51B2312912B2F600395F7E /* SplitView.swift */,
				6ABA5BC129194D9F006387CE /* LaTeXView.swift */,
			);
			path = Code;
			sourceTree = "<group>";
		};
		6A51B24F2912B74100395F7E /* Extensions */ = {
			isa = PBXGroup;
			children = (
				6A51B2502912B75300395F7E /* ColorExtension.swift */,
				6A51B2522912B76700395F7E /* DigiAnalyticsExtension.swift */,
				6A51B2542912B7A100395F7E /* EnvironmentValuesExtension.swift */,
				6A51B2562912B7C100395F7E /* FontExtension.swift */,
				6A51B2582912B7D800395F7E /* IntExtension.swift */,
				6A51B25A2912B7F900395F7E /* SKProductExtension.swift */,
				6A51B25C2912B81100395F7E /* StringExtension.swift */,
				6A51B25E2912B83000395F7E /* ViewExtension.swift */,
			);
			path = Extensions;
			sourceTree = "<group>";
		};
		7555FF72242A565900829871 = {
			isa = PBXGroup;
			children = (
				7555FF7D242A565900829871 /* iosApp */,
				7555FF7C242A565900829871 /* Products */,
				7555FFB0242A642200829871 /* Frameworks */,
			);
			sourceTree = "<group>";
		};
		7555FF7C242A565900829871 /* Products */ = {
			isa = PBXGroup;
			children = (
				7555FF7B242A565900829871 /* Makth Playground.app */,
			);
			name = Products;
			sourceTree = "<group>";
		};
		7555FF7D242A565900829871 /* iosApp */ = {
			isa = PBXGroup;
			children = (
				6A51B24F2912B74100395F7E /* Extensions */,
				6A51B2242912B22B00395F7E /* Models */,
				6A51B2232912B21F00395F7E /* Views */,
				058557BA273AAA24004C7B11 /* Assets.xcassets */,
				7555FF8C242A565B00829871 /* Info.plist */,
				2152FB032600AC8F00CF470E /* iOSApp.swift */,
				6A51B2652912B91A00395F7E /* iosApp.entitlements */,
				6A51B26C2912C26A00395F7E /* Localizable.strings */,
				058557D7273AAEEB004C7B11 /* Preview Content */,
			);
			path = iosApp;
			sourceTree = "<group>";
		};
		7555FFB0242A642200829871 /* Frameworks */ = {
			isa = PBXGroup;
			children = (
				6A51B2632912B8E700395F7E /* StoreKit.framework */,
			);
			name = Frameworks;
			sourceTree = "<group>";
		};
/* End PBXGroup section */

/* Begin PBXNativeTarget section */
		7555FF7A242A565900829871 /* Makth Playground */ = {
			isa = PBXNativeTarget;
			buildConfigurationList = 7555FFA5242A565B00829871 /* Build configuration list for PBXNativeTarget "Makth Playground" */;
			buildPhases = (
				7555FFB5242A651A00829871 /* ShellScript */,
				7555FF77242A565900829871 /* Sources */,
				7555FF78242A565900829871 /* Frameworks */,
				7555FF79242A565900829871 /* Resources */,
				7555FFB4242A642300829871 /* Embed Frameworks */,
			);
			buildRules = (
			);
			dependencies = (
			);
			name = "Makth Playground";
			packageProductDependencies = (
				6A51B2472912B5C400395F7E /* Kingfisher */,
				6A51B24A2912B5EB00395F7E /* DigiAnalytics */,
				6A51B24D2912B60900395F7E /* Sourceful */,
				6A51B2612912B85B00395F7E /* MyAppsiOS */,
			);
			productName = iosApp;
			productReference = 7555FF7B242A565900829871 /* Makth Playground.app */;
			productType = "com.apple.product-type.application";
		};
/* End PBXNativeTarget section */

/* Begin PBXProject section */
		7555FF73242A565900829871 /* Project object */ = {
			isa = PBXProject;
			attributes = {
				LastSwiftUpdateCheck = 1130;
				LastUpgradeCheck = 1130;
				ORGANIZATIONNAME = orgName;
				TargetAttributes = {
					7555FF7A242A565900829871 = {
						CreatedOnToolsVersion = 11.3.1;
					};
				};
			};
			buildConfigurationList = 7555FF76242A565900829871 /* Build configuration list for PBXProject "iosApp" */;
			compatibilityVersion = "Xcode 9.3";
			developmentRegion = en;
			hasScannedForEncodings = 0;
			knownRegions = (
				en,
				Base,
			);
			mainGroup = 7555FF72242A565900829871;
			packageReferences = (
				6A51B2462912B5C400395F7E /* XCRemoteSwiftPackageReference "Kingfisher" */,
				6A51B2492912B5EB00395F7E /* XCRemoteSwiftPackageReference "DigiAnalytics" */,
				6A51B24C2912B60900395F7E /* XCRemoteSwiftPackageReference "Sourceful" */,
				6A51B2602912B85B00395F7E /* XCRemoteSwiftPackageReference "MyApps" */,
			);
			productRefGroup = 7555FF7C242A565900829871 /* Products */;
			projectDirPath = "";
			projectRoot = "";
			targets = (
				7555FF7A242A565900829871 /* Makth Playground */,
			);
		};
/* End PBXProject section */

/* Begin PBXResourcesBuildPhase section */
		7555FF79242A565900829871 /* Resources */ = {
			isa = PBXResourcesBuildPhase;
			buildActionMask = 2147483647;
			files = (
				058557D9273AAEEB004C7B11 /* Preview Assets.xcassets in Resources */,
				6A51B26A2912C26A00395F7E /* Localizable.strings in Resources */,
				058557BB273AAA24004C7B11 /* Assets.xcassets in Resources */,
			);
			runOnlyForDeploymentPostprocessing = 0;
		};
/* End PBXResourcesBuildPhase section */

/* Begin PBXShellScriptBuildPhase section */
		7555FFB5242A651A00829871 /* ShellScript */ = {
			isa = PBXShellScriptBuildPhase;
			buildActionMask = 2147483647;
			files = (
			);
			inputFileListPaths = (
			);
			inputPaths = (
			);
			outputFileListPaths = (
			);
			outputPaths = (
			);
			runOnlyForDeploymentPostprocessing = 0;
			shellPath = /bin/sh;
			shellScript = "cd \"$SRCROOT/..\"\nexport JAVA_HOME=\"/opt/homebrew/opt/openjdk\"\n./gradlew :shared:embedAndSignAppleFrameworkForXcode\n";
		};
/* End PBXShellScriptBuildPhase section */

/* Begin PBXSourcesBuildPhase section */
		7555FF77242A565900829871 /* Sources */ = {
			isa = PBXSourcesBuildPhase;
			buildActionMask = 2147483647;
			files = (
				6A51B2552912B7A100395F7E /* EnvironmentValuesExtension.swift in Sources */,
				6A51B2362912B33000395F7E /* DonateViewModel.swift in Sources */,
				2152FB042600AC8F00CF470E /* iOSApp.swift in Sources */,
				6A51B2342912B31700395F7E /* DonateView.swift in Sources */,
				6A51B25B2912B7F900395F7E /* SKProductExtension.swift in Sources */,
				6ABA5BC229194D9F006387CE /* LaTeXView.swift in Sources */,
				6A51B2322912B2F600395F7E /* SplitView.swift in Sources */,
				6A51B22D2912B29F00395F7E /* ConsoleView.swift in Sources */,
				6A51B2572912B7C100395F7E /* FontExtension.swift in Sources */,
				6A51B23D2912B39800395F7E /* OpenSourceView.swift in Sources */,
				6A51B2412912B3C700395F7E /* MainWindow.swift in Sources */,
				6A51B2382912B35900395F7E /* EditorColorView.swift in Sources */,
				6A51B2532912B76700395F7E /* DigiAnalyticsExtension.swift in Sources */,
				6A51B23B2912B37900395F7E /* OpenSourceRepositoryView.swift in Sources */,
				6A51B2292912B26900395F7E /* CodeEditorView.swift in Sources */,
				6A51B2592912B7D800395F7E /* IntExtension.swift in Sources */,
				6A51B2302912B2E200395F7E /* ConsoleViewModel.swift in Sources */,
				6A51B2672912BBA300395F7E /* MakthLexer.swift in Sources */,
				6A51B2512912B75300395F7E /* ColorExtension.swift in Sources */,
				6A51B22B2912B28000395F7E /* CodeView.swift in Sources */,
				6A51B23F2912B3AD00395F7E /* SettingsView.swift in Sources */,
				6A51B25F2912B83000395F7E /* ViewExtension.swift in Sources */,
				6A51B2432912B3FE00395F7E /* MakthConsole.swift in Sources */,
				6A51B25D2912B81100395F7E /* StringExtension.swift in Sources */,
				6A51B2452912B43700395F7E /* MakthFile.swift in Sources */,
			);
			runOnlyForDeploymentPostprocessing = 0;
		};
/* End PBXSourcesBuildPhase section */

/* Begin PBXVariantGroup section */
		6A51B26C2912C26A00395F7E /* Localizable.strings */ = {
			isa = PBXVariantGroup;
			children = (
				6A51B26B2912C26A00395F7E /* en */,
			);
			name = Localizable.strings;
			sourceTree = "<group>";
		};
/* End PBXVariantGroup section */

/* Begin XCBuildConfiguration section */
		7555FFA3242A565B00829871 /* Debug */ = {
			isa = XCBuildConfiguration;
			buildSettings = {
				ALWAYS_SEARCH_USER_PATHS = NO;
				CLANG_ANALYZER_NONNULL = YES;
				CLANG_ANALYZER_NUMBER_OBJECT_CONVERSION = YES_AGGRESSIVE;
				CLANG_CXX_LANGUAGE_STANDARD = "gnu++14";
				CLANG_CXX_LIBRARY = "libc++";
				CLANG_ENABLE_MODULES = YES;
				CLANG_ENABLE_OBJC_ARC = YES;
				CLANG_ENABLE_OBJC_WEAK = YES;
				CLANG_WARN_BLOCK_CAPTURE_AUTORELEASING = YES;
				CLANG_WARN_BOOL_CONVERSION = YES;
				CLANG_WARN_COMMA = YES;
				CLANG_WARN_CONSTANT_CONVERSION = YES;
				CLANG_WARN_DEPRECATED_OBJC_IMPLEMENTATIONS = YES;
				CLANG_WARN_DIRECT_OBJC_ISA_USAGE = YES_ERROR;
				CLANG_WARN_DOCUMENTATION_COMMENTS = YES;
				CLANG_WARN_EMPTY_BODY = YES;
				CLANG_WARN_ENUM_CONVERSION = YES;
				CLANG_WARN_INFINITE_RECURSION = YES;
				CLANG_WARN_INT_CONVERSION = YES;
				CLANG_WARN_NON_LITERAL_NULL_CONVERSION = YES;
				CLANG_WARN_OBJC_IMPLICIT_RETAIN_SELF = YES;
				CLANG_WARN_OBJC_LITERAL_CONVERSION = YES;
				CLANG_WARN_OBJC_ROOT_CLASS = YES_ERROR;
				CLANG_WARN_QUOTED_INCLUDE_IN_FRAMEWORK_HEADER = YES;
				CLANG_WARN_RANGE_LOOP_ANALYSIS = YES;
				CLANG_WARN_STRICT_PROTOTYPES = YES;
				CLANG_WARN_SUSPICIOUS_MOVE = YES;
				CLANG_WARN_UNGUARDED_AVAILABILITY = YES_AGGRESSIVE;
				CLANG_WARN_UNREACHABLE_CODE = YES;
				CLANG_WARN__DUPLICATE_METHOD_MATCH = YES;
				COPY_PHASE_STRIP = NO;
				DEBUG_INFORMATION_FORMAT = "dwarf-with-dsym";
				ENABLE_STRICT_OBJC_MSGSEND = YES;
				ENABLE_TESTABILITY = YES;
				GCC_C_LANGUAGE_STANDARD = gnu11;
				GCC_DYNAMIC_NO_PIC = NO;
				GCC_NO_COMMON_BLOCKS = YES;
				GCC_OPTIMIZATION_LEVEL = 0;
				GCC_PREPROCESSOR_DEFINITIONS = (
					"DEBUG=1",
					"$(inherited)",
				);
				GCC_WARN_64_TO_32_BIT_CONVERSION = YES;
				GCC_WARN_ABOUT_RETURN_TYPE = YES_ERROR;
				GCC_WARN_UNDECLARED_SELECTOR = YES;
				GCC_WARN_UNINITIALIZED_AUTOS = YES_AGGRESSIVE;
				GCC_WARN_UNUSED_FUNCTION = YES;
				GCC_WARN_UNUSED_VARIABLE = YES;
				IPHONEOS_DEPLOYMENT_TARGET = 14.1;
				MTL_ENABLE_DEBUG_INFO = INCLUDE_SOURCE;
				MTL_FAST_MATH = YES;
				ONLY_ACTIVE_ARCH = YES;
				SDKROOT = iphoneos;
				SWIFT_ACTIVE_COMPILATION_CONDITIONS = DEBUG;
				SWIFT_OPTIMIZATION_LEVEL = "-Onone";
			};
			name = Debug;
		};
		7555FFA4242A565B00829871 /* Release */ = {
			isa = XCBuildConfiguration;
			buildSettings = {
				ALWAYS_SEARCH_USER_PATHS = NO;
				CLANG_ANALYZER_NONNULL = YES;
				CLANG_ANALYZER_NUMBER_OBJECT_CONVERSION = YES_AGGRESSIVE;
				CLANG_CXX_LANGUAGE_STANDARD = "gnu++14";
				CLANG_CXX_LIBRARY = "libc++";
				CLANG_ENABLE_MODULES = YES;
				CLANG_ENABLE_OBJC_ARC = YES;
				CLANG_ENABLE_OBJC_WEAK = YES;
				CLANG_WARN_BLOCK_CAPTURE_AUTORELEASING = YES;
				CLANG_WARN_BOOL_CONVERSION = YES;
				CLANG_WARN_COMMA = YES;
				CLANG_WARN_CONSTANT_CONVERSION = YES;
				CLANG_WARN_DEPRECATED_OBJC_IMPLEMENTATIONS = YES;
				CLANG_WARN_DIRECT_OBJC_ISA_USAGE = YES_ERROR;
				CLANG_WARN_DOCUMENTATION_COMMENTS = YES;
				CLANG_WARN_EMPTY_BODY = YES;
				CLANG_WARN_ENUM_CONVERSION = YES;
				CLANG_WARN_INFINITE_RECURSION = YES;
				CLANG_WARN_INT_CONVERSION = YES;
				CLANG_WARN_NON_LITERAL_NULL_CONVERSION = YES;
				CLANG_WARN_OBJC_IMPLICIT_RETAIN_SELF = YES;
				CLANG_WARN_OBJC_LITERAL_CONVERSION = YES;
				CLANG_WARN_OBJC_ROOT_CLASS = YES_ERROR;
				CLANG_WARN_QUOTED_INCLUDE_IN_FRAMEWORK_HEADER = YES;
				CLANG_WARN_RANGE_LOOP_ANALYSIS = YES;
				CLANG_WARN_STRICT_PROTOTYPES = YES;
				CLANG_WARN_SUSPICIOUS_MOVE = YES;
				CLANG_WARN_UNGUARDED_AVAILABILITY = YES_AGGRESSIVE;
				CLANG_WARN_UNREACHABLE_CODE = YES;
				CLANG_WARN__DUPLICATE_METHOD_MATCH = YES;
				COPY_PHASE_STRIP = NO;
				DEBUG_INFORMATION_FORMAT = "dwarf-with-dsym";
				ENABLE_NS_ASSERTIONS = NO;
				ENABLE_STRICT_OBJC_MSGSEND = YES;
				GCC_C_LANGUAGE_STANDARD = gnu11;
				GCC_NO_COMMON_BLOCKS = YES;
				GCC_WARN_64_TO_32_BIT_CONVERSION = YES;
				GCC_WARN_ABOUT_RETURN_TYPE = YES_ERROR;
				GCC_WARN_UNDECLARED_SELECTOR = YES;
				GCC_WARN_UNINITIALIZED_AUTOS = YES_AGGRESSIVE;
				GCC_WARN_UNUSED_FUNCTION = YES;
				GCC_WARN_UNUSED_VARIABLE = YES;
				IPHONEOS_DEPLOYMENT_TARGET = 14.1;
				MTL_ENABLE_DEBUG_INFO = NO;
				MTL_FAST_MATH = YES;
				SDKROOT = iphoneos;
				SWIFT_COMPILATION_MODE = wholemodule;
				SWIFT_OPTIMIZATION_LEVEL = "-O";
				VALIDATE_PRODUCT = YES;
			};
			name = Release;
		};
		7555FFA6242A565B00829871 /* Debug */ = {
			isa = XCBuildConfiguration;
			buildSettings = {
				ASSETCATALOG_COMPILER_APPICON_NAME = AppIcon;
				CODE_SIGN_ENTITLEMENTS = iosApp/iosApp.entitlements;
				CODE_SIGN_STYLE = Automatic;
				CURRENT_PROJECT_VERSION = 2;
				DEVELOPMENT_ASSET_PATHS = "\"iosApp/Preview Content\"";
				DEVELOPMENT_TEAM = ZL9396WK65;
				ENABLE_PREVIEWS = YES;
				FRAMEWORK_SEARCH_PATHS = "$(SRCROOT)/../shared/build/xcode-frameworks/$(CONFIGURATION)/$(SDK_NAME)";
				INFOPLIST_FILE = iosApp/Info.plist;
				INFOPLIST_KEY_CFBundleDisplayName = Makth;
				INFOPLIST_KEY_LSApplicationCategoryType = "public.app-category.developer-tools";
				LD_RUNPATH_SEARCH_PATHS = (
					"$(inherited)",
					"@executable_path/Frameworks",
				);
				MARKETING_VERSION = 1.0;
				OTHER_LDFLAGS = (
					"$(inherited)",
					"-framework",
					shared,
				);
				PRODUCT_BUNDLE_IDENTIFIER = me.nathanfallet.makth.playground;
				PRODUCT_NAME = "$(TARGET_NAME)";
				SUPPORTED_PLATFORMS = "iphoneos iphonesimulator macosx";
				SUPPORTS_MACCATALYST = NO;
				SUPPORTS_MAC_DESIGNED_FOR_IPHONE_IPAD = NO;
				SWIFT_VERSION = 5.0;
				TARGETED_DEVICE_FAMILY = "1,2";
			};
			name = Debug;
		};
		7555FFA7242A565B00829871 /* Release */ = {
			isa = XCBuildConfiguration;
			buildSettings = {
				ASSETCATALOG_COMPILER_APPICON_NAME = AppIcon;
				CODE_SIGN_ENTITLEMENTS = iosApp/iosApp.entitlements;
				CODE_SIGN_STYLE = Automatic;
				CURRENT_PROJECT_VERSION = 2;
				DEVELOPMENT_ASSET_PATHS = "\"iosApp/Preview Content\"";
				DEVELOPMENT_TEAM = ZL9396WK65;
				ENABLE_PREVIEWS = YES;
				FRAMEWORK_SEARCH_PATHS = "$(SRCROOT)/../shared/build/xcode-frameworks/$(CONFIGURATION)/$(SDK_NAME)";
				INFOPLIST_FILE = iosApp/Info.plist;
				INFOPLIST_KEY_CFBundleDisplayName = Makth;
				INFOPLIST_KEY_LSApplicationCategoryType = "public.app-category.developer-tools";
				LD_RUNPATH_SEARCH_PATHS = (
					"$(inherited)",
					"@executable_path/Frameworks",
				);
				MARKETING_VERSION = 1.0;
				OTHER_LDFLAGS = (
					"$(inherited)",
					"-framework",
					shared,
				);
				PRODUCT_BUNDLE_IDENTIFIER = me.nathanfallet.makth.playground;
				PRODUCT_NAME = "$(TARGET_NAME)";
				SUPPORTED_PLATFORMS = "iphoneos iphonesimulator macosx";
				SUPPORTS_MACCATALYST = NO;
				SUPPORTS_MAC_DESIGNED_FOR_IPHONE_IPAD = NO;
				SWIFT_VERSION = 5.0;
				TARGETED_DEVICE_FAMILY = "1,2";
			};
			name = Release;
		};
/* End XCBuildConfiguration section */

/* Begin XCConfigurationList section */
		7555FF76242A565900829871 /* Build configuration list for PBXProject "iosApp" */ = {
			isa = XCConfigurationList;
			buildConfigurations = (
				7555FFA3242A565B00829871 /* Debug */,
				7555FFA4242A565B00829871 /* Release */,
			);
			defaultConfigurationIsVisible = 0;
			defaultConfigurationName = Release;
		};
		7555FFA5242A565B00829871 /* Build configuration list for PBXNativeTarget "Makth Playground" */ = {
			isa = XCConfigurationList;
			buildConfigurations = (
				7555FFA6242A565B00829871 /* Debug */,
				7555FFA7242A565B00829871 /* Release */,
			);
			defaultConfigurationIsVisible = 0;
			defaultConfigurationName = Release;
		};
/* End XCConfigurationList section */

/* Begin XCRemoteSwiftPackageReference section */
		6A51B2462912B5C400395F7E /* XCRemoteSwiftPackageReference "Kingfisher" */ = {
			isa = XCRemoteSwiftPackageReference;
			repositoryURL = "https://github.com/onevcat/Kingfisher";
			requirement = {
				kind = upToNextMajorVersion;
				minimumVersion = 7.0.0;
			};
		};
		6A51B2492912B5EB00395F7E /* XCRemoteSwiftPackageReference "DigiAnalytics" */ = {
			isa = XCRemoteSwiftPackageReference;
			repositoryURL = "https://github.com/GroupeMINASTE/DigiAnalytics";
			requirement = {
				kind = upToNextMajorVersion;
				minimumVersion = 1.0.0;
			};
		};
		6A51B24C2912B60900395F7E /* XCRemoteSwiftPackageReference "Sourceful" */ = {
			isa = XCRemoteSwiftPackageReference;
			repositoryURL = "https://github.com/twostraws/Sourceful";
			requirement = {
				kind = upToNextMajorVersion;
				minimumVersion = 0.4.0;
			};
		};
		6A51B2602912B85B00395F7E /* XCRemoteSwiftPackageReference "MyApps" */ = {
			isa = XCRemoteSwiftPackageReference;
			repositoryURL = "https://github.com/NathanFallet/MyApps";
			requirement = {
				kind = upToNextMajorVersion;
				minimumVersion = 1.0.0;
			};
		};
/* End XCRemoteSwiftPackageReference section */

/* Begin XCSwiftPackageProductDependency section */
		6A51B2472912B5C400395F7E /* Kingfisher */ = {
			isa = XCSwiftPackageProductDependency;
			package = 6A51B2462912B5C400395F7E /* XCRemoteSwiftPackageReference "Kingfisher" */;
			productName = Kingfisher;
		};
		6A51B24A2912B5EB00395F7E /* DigiAnalytics */ = {
			isa = XCSwiftPackageProductDependency;
			package = 6A51B2492912B5EB00395F7E /* XCRemoteSwiftPackageReference "DigiAnalytics" */;
			productName = DigiAnalytics;
		};
		6A51B24D2912B60900395F7E /* Sourceful */ = {
			isa = XCSwiftPackageProductDependency;
			package = 6A51B24C2912B60900395F7E /* XCRemoteSwiftPackageReference "Sourceful" */;
			productName = Sourceful;
		};
		6A51B2612912B85B00395F7E /* MyAppsiOS */ = {
			isa = XCSwiftPackageProductDependency;
			package = 6A51B2602912B85B00395F7E /* XCRemoteSwiftPackageReference "MyApps" */;
			productName = MyAppsiOS;
		};
/* End XCSwiftPackageProductDependency section */
	};
	rootObject = 7555FF73242A565900829871 /* Project object */;
}
